lockfileVersion: '9.0'

settings:
  autoInstallPeers: true
  excludeLinksFromLockfile: false

importers:

  .:
    dependencies:
      '@tauri-apps/api':
        specifier: 2.5.0
        version: 2.5.0
      browserfs:
        specifier: ^1.4.3
        version: 1.4.3
      zeromq:
        specifier: ^6.4.2
        version: 6.4.2
    devDependencies:
      '@tauri-apps/cli':
        specifier: ^2.5.0
        version: 2.5.0

packages:

  '@tauri-apps/api@2.5.0':
    resolution: {integrity: sha512-Ldux4ip+HGAcPUmuLT8EIkk6yafl5vK0P0c0byzAKzxJh7vxelVtdPONjfgTm96PbN24yjZNESY8CKo8qniluA==}

  '@tauri-apps/cli-darwin-arm64@2.5.0':
    resolution: {integrity: sha512-VuVAeTFq86dfpoBDNYAdtQVLbP0+2EKCHIIhkaxjeoPARR0sLpFHz2zs0PcFU76e+KAaxtEtAJAXGNUc8E1PzQ==}
    engines: {node: '>= 10'}
    cpu: [arm64]
    os: [darwin]

  '@tauri-apps/cli-darwin-x64@2.5.0':
    resolution: {integrity: sha512-hUF01sC06cZVa8+I0/VtsHOk9BbO75rd+YdtHJ48xTdcYaQ5QIwL4yZz9OR1AKBTaUYhBam8UX9Pvd5V2/4Dpw==}
    engines: {node: '>= 10'}
    cpu: [x64]
    os: [darwin]

  '@tauri-apps/cli-linux-arm-gnueabihf@2.5.0':
    resolution: {integrity: sha512-LQKqttsK252LlqYyX8R02MinUsfFcy3+NZiJwHFgi5Y3+ZUIAED9cSxJkyNtuY5KMnR4RlpgWyLv4P6akN1xhg==}
    engines: {node: '>= 10'}
    cpu: [arm]
    os: [linux]

  '@tauri-apps/cli-linux-arm64-gnu@2.5.0':
    resolution: {integrity: sha512-mTQufsPcpdHg5RW0zypazMo4L55EfeE5snTzrPqbLX4yCK2qalN7+rnP8O8GT06xhp6ElSP/Ku1M2MR297SByQ==}
    engines: {node: '>= 10'}
    cpu: [arm64]
    os: [linux]

  '@tauri-apps/cli-linux-arm64-musl@2.5.0':
    resolution: {integrity: sha512-rQO1HhRUQqyEaal5dUVOQruTRda/TD36s9kv1hTxZiFuSq3558lsTjAcUEnMAtBcBkps20sbyTJNMT0AwYIk8Q==}
    engines: {node: '>= 10'}
    cpu: [arm64]
    os: [linux]

  '@tauri-apps/cli-linux-riscv64-gnu@2.5.0':
    resolution: {integrity: sha512-7oS18FN46yDxyw1zX/AxhLAd7T3GrLj3Ai6s8hZKd9qFVzrAn36ESL7d3G05s8wEtsJf26qjXnVF4qleS3dYsA==}
    engines: {node: '>= 10'}
    cpu: [riscv64]
    os: [linux]

  '@tauri-apps/cli-linux-x64-gnu@2.5.0':
    resolution: {integrity: sha512-SG5sFNL7VMmDBdIg3nO3EzNRT306HsiEQ0N90ILe3ZABYAVoPDO/ttpCO37ApLInTzrq/DLN+gOlC/mgZvLw1w==}
    engines: {node: '>= 10'}
    cpu: [x64]
    os: [linux]

  '@tauri-apps/cli-linux-x64-musl@2.5.0':
    resolution: {integrity: sha512-QXDM8zp/6v05PNWju5ELsVwF0VH1n6b5pk2E6W/jFbbiwz80Vs1lACl9pv5kEHkrxBj+aWU/03JzGuIj2g3SkQ==}
    engines: {node: '>= 10'}
    cpu: [x64]
    os: [linux]

  '@tauri-apps/cli-win32-arm64-msvc@2.5.0':
    resolution: {integrity: sha512-pFSHFK6b+o9y4Un8w0gGLwVyFTZaC3P0kQ7umRt/BLDkzD5RnQ4vBM7CF8BCU5nkwmEBUCZd7Wt3TWZxe41o6Q==}
    engines: {node: '>= 10'}
    cpu: [arm64]
    os: [win32]

  '@tauri-apps/cli-win32-ia32-msvc@2.5.0':
    resolution: {integrity: sha512-EArv1IaRlogdLAQyGlKmEqZqm5RfHCUMhJoedWu7GtdbOMUfSAz6FMX2boE1PtEmNO4An+g188flLeVErrxEKg==}
    engines: {node: '>= 10'}
    cpu: [ia32]
    os: [win32]

  '@tauri-apps/cli-win32-x64-msvc@2.5.0':
    resolution: {integrity: sha512-lj43EFYbnAta8pd9JnUq87o+xRUR0odz+4rixBtTUwUgdRdwQ2V9CzFtsMu6FQKpFQ6mujRK6P1IEwhL6ADRsQ==}
    engines: {node: '>= 10'}
    cpu: [x64]
    os: [win32]

  '@tauri-apps/cli@2.5.0':
    resolution: {integrity: sha512-rAtHqG0Gh/IWLjN2zTf3nZqYqbo81oMbqop56rGTjrlWk9pTTAjkqOjSL9XQLIMZ3RbeVjveCqqCA0s8RnLdMg==}
    engines: {node: '>= 10'}
    hasBin: true

  async@2.6.4:
    resolution: {integrity: sha512-mzo5dfJYwAn29PeiJ0zvwTo04zj8HDJj0Mn8TD7sno7q12prdbnasKJHhkm2c1LgrhlJ0teaea8860oxi51mGA==}

  browserfs@1.4.3:
    resolution: {integrity: sha512-tz8HClVrzTJshcyIu8frE15cjqjcBIu15Bezxsvl/i+6f59iNCN3kznlWjz0FEb3DlnDx3gW5szxeT6D1x0s0w==}
    engines: {node: '>= 0.10'}
    hasBin: true

  cmake-ts@0.6.1:
    resolution: {integrity: sha512-uUn2qGhf20j8W/sQ7+UnvvqO1zNccqgbLgwRJi7S23FsjMWJqxvKK80Vc+tvLNKfpJzwH0rgoQD1l24SMnX0yg==}
    hasBin: true

  lodash@4.17.21:
    resolution: {integrity: sha512-v2kDEe57lecTulaDIuNTPy3Ry4gLGJ6Z1O3vE1krgXZNrsQ+LFTGHVxVjcXPs17LhbZVGedAJv8XZ1tvj5FvSg==}

  node-addon-api@8.4.0:
    resolution: {integrity: sha512-D9DI/gXHvVmjHS08SVch0Em8G5S1P+QWtU31appcKT/8wFSPRcdHadIFSAntdMMVM5zz+/DL+bL/gz3UDppqtg==}
    engines: {node: ^18 || ^20 || >= 21}

  pako@1.0.11:
    resolution: {integrity: sha512-4hLB8Py4zZce5s4yd9XzopqwVv/yGNhV1Bl8NTmCq1763HeK2+EwVTv+leGeL13Dnh2wfbqowVPXCIO0z4taYw==}

  zeromq@6.4.2:
    resolution: {integrity: sha512-FnQlI4lEAewE4JexJ6kqQuBVzRf0Mg1n/qE3uXilfosf+X5lqJPiaYfdL/w4SzgAEVBTyqbMt9NbjwI5H89Yaw==}
    engines: {node: '>= 12'}

snapshots:

  '@tauri-apps/api@2.5.0': {}

  '@tauri-apps/cli-darwin-arm64@2.5.0':
    optional: true

  '@tauri-apps/cli-darwin-x64@2.5.0':
    optional: true

  '@tauri-apps/cli-linux-arm-gnueabihf@2.5.0':
    optional: true

  '@tauri-apps/cli-linux-arm64-gnu@2.5.0':
    optional: true

  '@tauri-apps/cli-linux-arm64-musl@2.5.0':
    optional: true

  '@tauri-apps/cli-linux-riscv64-gnu@2.5.0':
    optional: true

  '@tauri-apps/cli-linux-x64-gnu@2.5.0':
    optional: true

  '@tauri-apps/cli-linux-x64-musl@2.5.0':
    optional: true

  '@tauri-apps/cli-win32-arm64-msvc@2.5.0':
    optional: true

  '@tauri-apps/cli-win32-ia32-msvc@2.5.0':
    optional: true

  '@tauri-apps/cli-win32-x64-msvc@2.5.0':
    optional: true

  '@tauri-apps/cli@2.5.0':
    optionalDependencies:
      '@tauri-apps/cli-darwin-arm64': 2.5.0
      '@tauri-apps/cli-darwin-x64': 2.5.0
      '@tauri-apps/cli-linux-arm-gnueabihf': 2.5.0
      '@tauri-apps/cli-linux-arm64-gnu': 2.5.0
      '@tauri-apps/cli-linux-arm64-musl': 2.5.0
      '@tauri-apps/cli-linux-riscv64-gnu': 2.5.0
      '@tauri-apps/cli-linux-x64-gnu': 2.5.0
      '@tauri-apps/cli-linux-x64-musl': 2.5.0
      '@tauri-apps/cli-win32-arm64-msvc': 2.5.0
      '@tauri-apps/cli-win32-ia32-msvc': 2.5.0
      '@tauri-apps/cli-win32-x64-msvc': 2.5.0

  async@2.6.4:
    dependencies:
      lodash: 4.17.21

  browserfs@1.4.3:
    dependencies:
      async: 2.6.4
      pako: 1.0.11

  cmake-ts@0.6.1: {}

  lodash@4.17.21: {}

  node-addon-api@8.4.0: {}

  pako@1.0.11: {}

  zeromq@6.4.2:
    dependencies:
      cmake-ts: 0.6.1
      node-addon-api: 8.4.0
